
Microsoft Visual Studio Solution File, Format Version 12.00
# Visual Studio 14
VisualStudioVersion = 14.0.25123.0
MinimumVisualStudioVersion = 10.0.40219.1
Project("{FAE04EC0-301F-11D3-BF4B-00C04F79EFBC}") = "TopGunSyllabus.iPhone", "..\TopGunSyllabus.iPhone\TopGunSyllabus.iPhone.csproj", "{B59CF9BD-2F81-4EC9-94E0-88DF22776E00}"
EndProject
Project("{FAE04EC0-301F-11D3-BF4B-00C04F79EFBC}") = "TopGunSyllabus.Core", "..\TopGunSyllabus.Core\TopGunSyllabus.Core.csproj", "{FF50E741-11DB-4FAF-8094-05E3515A995D}"
EndProject
Global
	GlobalSection(SolutionConfigurationPlatforms) = preSolution
		Ad-Hoc|Any CPU = Ad-Hoc|Any CPU
		AppStore|Any CPU = AppStore|Any CPU
		Debug|Any CPU = Debug|Any CPU
		iOS Release|Any CPU = iOS Release|Any CPU
	EndGlobalSection
	GlobalSection(ProjectConfigurationPlatforms) = postSolution
		{B59CF9BD-2F81-4EC9-94E0-88DF22776E00}.Ad-Hoc|Any CPU.ActiveCfg = Ad-Hoc|iPhone
		{B59CF9BD-2F81-4EC9-94E0-88DF22776E00}.AppStore|Any CPU.ActiveCfg = AppStore|iPhone
		{B59CF9BD-2F81-4EC9-94E0-88DF22776E00}.Debug|Any CPU.ActiveCfg = Debug|iPhone
		{B59CF9BD-2F81-4EC9-94E0-88DF22776E00}.iOS Release|Any CPU.ActiveCfg = iOS Release|iPhone
		{B59CF9BD-2F81-4EC9-94E0-88DF22776E00}.iOS Release|Any CPU.Build.0 = iOS Release|iPhone
		{B59CF9BD-2F81-4EC9-94E0-88DF22776E00}.iOS Release|Any CPU.Deploy.0 = iOS Release|iPhone
		{FF50E741-11DB-4FAF-8094-05E3515A995D}.Ad-Hoc|Any CPU.ActiveCfg = Release|Any CPU
		{FF50E741-11DB-4FAF-8094-05E3515A995D}.Ad-Hoc|Any CPU.Build.0 = Release|Any CPU
		{FF50E741-11DB-4FAF-8094-05E3515A995D}.AppStore|Any CPU.ActiveCfg = Release|Any CPU
		{FF50E741-11DB-4FAF-8094-05E3515A995D}.AppStore|Any CPU.Build.0 = Release|Any CPU
		{FF50E741-11DB-4FAF-8094-05E3515A995D}.Debug|Any CPU.ActiveCfg = Debug|Any CPU
		{FF50E741-11DB-4FAF-8094-05E3515A995D}.Debug|Any CPU.Build.0 = Debug|Any CPU
		{FF50E741-11DB-4FAF-8094-05E3515A995D}.iOS Release|Any CPU.ActiveCfg = iOS Release|Any CPU
		{FF50E741-11DB-4FAF-8094-05E3515A995D}.iOS Release|Any CPU.Build.0 = iOS Release|Any CPU
		{FF50E741-11DB-4FAF-8094-05E3515A995D}.iOS Release|Any CPU.Deploy.0 = iOS Release|Any CPU
	EndGlobalSection
	GlobalSection(SolutionProperties) = preSolution
		HideSolutionNode = FALSE
	EndGlobalSection
EndGlobal
